// !$*UTF8*$!
{
	archiveVersion = 1;
	classes = {
	};
	objectVersion = 50;
	objects = {

/* Begin PBXBuildFile section */
		F62C2AB326D681A0005EEA92 /* NasaDataRepository.swift in Sources */ = {isa = PBXBuildFile; fileRef = F62C2AB226D681A0005EEA92 /* NasaDataRepository.swift */; };
		F62C2AB726D68ED5005EEA92 /* Apod.swift in Sources */ = {isa = PBXBuildFile; fileRef = F62C2AB626D68ED5005EEA92 /* Apod.swift */; };
		F62C2AB926D69375005EEA92 /* EpicImage.swift in Sources */ = {isa = PBXBuildFile; fileRef = F62C2AB826D69375005EEA92 /* EpicImage.swift */; };
		F62C2AE726D788CB005EEA92 /* ConnectionError.swift in Sources */ = {isa = PBXBuildFile; fileRef = F62C2ADB26D788CB005EEA92 /* ConnectionError.swift */; };
		F62C2AE826D788CB005EEA92 /* DataTransferService.swift in Sources */ = {isa = PBXBuildFile; fileRef = F62C2ADC26D788CB005EEA92 /* DataTransferService.swift */; };
		F62C2AE926D788CB005EEA92 /* NetworkService.swift in Sources */ = {isa = PBXBuildFile; fileRef = F62C2ADD26D788CB005EEA92 /* NetworkService.swift */; };
		F62C2AEA26D788CB005EEA92 /* HeaderParameters.swift in Sources */ = {isa = PBXBuildFile; fileRef = F62C2ADE26D788CB005EEA92 /* HeaderParameters.swift */; };
		F62C2AEB26D788CB005EEA92 /* Cancellable.swift in Sources */ = {isa = PBXBuildFile; fileRef = F62C2ADF26D788CB005EEA92 /* Cancellable.swift */; };
		F62C2AEC26D788CB005EEA92 /* DataTransferError.swift in Sources */ = {isa = PBXBuildFile; fileRef = F62C2AE026D788CB005EEA92 /* DataTransferError.swift */; };
		F62C2AED26D788CB005EEA92 /* StatusCodes.swift in Sources */ = {isa = PBXBuildFile; fileRef = F62C2AE126D788CB005EEA92 /* StatusCodes.swift */; };
		F62C2AEE26D788CB005EEA92 /* InvalidCredentialsResponse.swift in Sources */ = {isa = PBXBuildFile; fileRef = F62C2AE226D788CB005EEA92 /* InvalidCredentialsResponse.swift */; };
		F62C2AEF26D788CB005EEA92 /* Endpoint.swift in Sources */ = {isa = PBXBuildFile; fileRef = F62C2AE326D788CB005EEA92 /* Endpoint.swift */; };
		F62C2AF026D788CB005EEA92 /* NetworkConfig.swift in Sources */ = {isa = PBXBuildFile; fileRef = F62C2AE426D788CB005EEA92 /* NetworkConfig.swift */; };
		F62C2AF226D78949005EEA92 /* NetworkError.swift in Sources */ = {isa = PBXBuildFile; fileRef = F62C2AF126D78949005EEA92 /* NetworkError.swift */; };
		F62C2AF426D7897A005EEA92 /* NetworkErrorLogger.swift in Sources */ = {isa = PBXBuildFile; fileRef = F62C2AF326D7897A005EEA92 /* NetworkErrorLogger.swift */; };
		F62C2AF726D78C3F005EEA92 /* APIEndpoints.swift in Sources */ = {isa = PBXBuildFile; fileRef = F62C2AF626D78C3F005EEA92 /* APIEndpoints.swift */; };
		F62C2AFA26D7AE81005EEA92 /* RepositoryTask.swift in Sources */ = {isa = PBXBuildFile; fileRef = F62C2AF926D7AE81005EEA92 /* RepositoryTask.swift */; };
		F62C2AFE26D7AF5C005EEA92 /* NasaDIContainer.swift in Sources */ = {isa = PBXBuildFile; fileRef = F62C2AFD26D7AF5C005EEA92 /* NasaDIContainer.swift */; };
		F62C2B0026D7B02D005EEA92 /* PhotoListViewModel.swift in Sources */ = {isa = PBXBuildFile; fileRef = F62C2AFF26D7B02D005EEA92 /* PhotoListViewModel.swift */; };
		F62C2B0226D7B608005EEA92 /* AppMainModule.swift in Sources */ = {isa = PBXBuildFile; fileRef = F62C2B0126D7B608005EEA92 /* AppMainModule.swift */; };
		F62C2B0426D7B6AE005EEA92 /* AppDIContainer.swift in Sources */ = {isa = PBXBuildFile; fileRef = F62C2B0326D7B6AE005EEA92 /* AppDIContainer.swift */; };
		F62C2B0626D7B702005EEA92 /* AppConfiguration.swift in Sources */ = {isa = PBXBuildFile; fileRef = F62C2B0526D7B702005EEA92 /* AppConfiguration.swift */; };
		F62C2B0D26D7FECA005EEA92 /* TabBarItem.swift in Sources */ = {isa = PBXBuildFile; fileRef = F62C2B0C26D7FECA005EEA92 /* TabBarItem.swift */; };
		F62C2B1326D800CD005EEA92 /* HomeDIContainer.swift in Sources */ = {isa = PBXBuildFile; fileRef = F62C2B1226D800CD005EEA92 /* HomeDIContainer.swift */; };
		F62C2B1526D8D4DC005EEA92 /* AppAppearance.swift in Sources */ = {isa = PBXBuildFile; fileRef = F62C2B1426D8D4DC005EEA92 /* AppAppearance.swift */; };
		F62C2B1726D8D65A005EEA92 /* ImageDonwloader.swift in Sources */ = {isa = PBXBuildFile; fileRef = F62C2B1626D8D65A005EEA92 /* ImageDonwloader.swift */; };
		F62C2B1B26D8D6B6005EEA92 /* PhotoCellViewModel.swift in Sources */ = {isa = PBXBuildFile; fileRef = F62C2B1A26D8D6B6005EEA92 /* PhotoCellViewModel.swift */; };
		F62C2B1D26D8D89E005EEA92 /* PhotoListTableHeaderView.swift in Sources */ = {isa = PBXBuildFile; fileRef = F62C2B1C26D8D89E005EEA92 /* PhotoListTableHeaderView.swift */; };
		F62C2B1F26D8D9AF005EEA92 /* Observable.swift in Sources */ = {isa = PBXBuildFile; fileRef = F62C2B1E26D8D9AF005EEA92 /* Observable.swift */; };
		F62C2B2426D925DF005EEA92 /* PhotoCell.swift in Sources */ = {isa = PBXBuildFile; fileRef = F62C2B2226D925DE005EEA92 /* PhotoCell.swift */; };
		F62C2B2526D925DF005EEA92 /* PhotoCell.xib in Resources */ = {isa = PBXBuildFile; fileRef = F62C2B2326D925DF005EEA92 /* PhotoCell.xib */; };
		F6FCC7DD26AD4F910064E87C /* AppDelegate.swift in Sources */ = {isa = PBXBuildFile; fileRef = F6FCC7DC26AD4F910064E87C /* AppDelegate.swift */; };
		F6FCC7E326AD4F910064E87C /* Document.swift in Sources */ = {isa = PBXBuildFile; fileRef = F6FCC7E226AD4F910064E87C /* Document.swift */; };
		F6FCC7E626AD4F910064E87C /* Main.storyboard in Resources */ = {isa = PBXBuildFile; fileRef = F6FCC7E426AD4F910064E87C /* Main.storyboard */; };
		F6FCC7E826AD4F940064E87C /* Assets.xcassets in Resources */ = {isa = PBXBuildFile; fileRef = F6FCC7E726AD4F940064E87C /* Assets.xcassets */; };
		F6FCC7EB26AD4F940064E87C /* LaunchScreen.storyboard in Resources */ = {isa = PBXBuildFile; fileRef = F6FCC7E926AD4F940064E87C /* LaunchScreen.storyboard */; };
		F6FCC7F626AD4F940064E87C /* NasaTestAppTests.swift in Sources */ = {isa = PBXBuildFile; fileRef = F6FCC7F526AD4F940064E87C /* NasaTestAppTests.swift */; };
		F6FCC80126AD4F940064E87C /* NasaTestAppUITests.swift in Sources */ = {isa = PBXBuildFile; fileRef = F6FCC80026AD4F940064E87C /* NasaTestAppUITests.swift */; };
		F6FCC81426AD50E00064E87C /* PhotoListViewController.swift in Sources */ = {isa = PBXBuildFile; fileRef = F6FCC81326AD50E00064E87C /* PhotoListViewController.swift */; };
		F6FCC81626AD50ED0064E87C /* PhotoDetailViewController.swift in Sources */ = {isa = PBXBuildFile; fileRef = F6FCC81526AD50ED0064E87C /* PhotoDetailViewController.swift */; };
		F6FCC81826AD516D0064E87C /* PhotoDetailViewController.storyboard in Resources */ = {isa = PBXBuildFile; fileRef = F6FCC81726AD516D0064E87C /* PhotoDetailViewController.storyboard */; };
		F6FCC81D26AD52930064E87C /* UIView+Ext.swift in Sources */ = {isa = PBXBuildFile; fileRef = F6FCC81C26AD52930064E87C /* UIView+Ext.swift */; };
		F6FCC81F26AD53230064E87C /* UITableView+Ext.swift in Sources */ = {isa = PBXBuildFile; fileRef = F6FCC81E26AD53230064E87C /* UITableView+Ext.swift */; };
/* End PBXBuildFile section */

/* Begin PBXContainerItemProxy section */
		F6FCC7F226AD4F940064E87C /* PBXContainerItemProxy */ = {
			isa = PBXContainerItemProxy;
			containerPortal = F6FCC7D126AD4F910064E87C /* Project object */;
			proxyType = 1;
			remoteGlobalIDString = F6FCC7D826AD4F910064E87C;
			remoteInfo = NasaTestApp;
		};
		F6FCC7FD26AD4F940064E87C /* PBXContainerItemProxy */ = {
			isa = PBXContainerItemProxy;
			containerPortal = F6FCC7D126AD4F910064E87C /* Project object */;
			proxyType = 1;
			remoteGlobalIDString = F6FCC7D826AD4F910064E87C;
			remoteInfo = NasaTestApp;
		};
/* End PBXContainerItemProxy section */

/* Begin PBXFileReference section */
		F62C2AB226D681A0005EEA92 /* NasaDataRepository.swift */ = {isa = PBXFileReference; lastKnownFileType = sourcecode.swift; path = NasaDataRepository.swift; sourceTree = "<group>"; };
		F62C2AB626D68ED5005EEA92 /* Apod.swift */ = {isa = PBXFileReference; lastKnownFileType = sourcecode.swift; path = Apod.swift; sourceTree = "<group>"; };
		F62C2AB826D69375005EEA92 /* EpicImage.swift */ = {isa = PBXFileReference; lastKnownFileType = sourcecode.swift; path = EpicImage.swift; sourceTree = "<group>"; };
		F62C2ADB26D788CB005EEA92 /* ConnectionError.swift */ = {isa = PBXFileReference; fileEncoding = 4; lastKnownFileType = sourcecode.swift; path = ConnectionError.swift; sourceTree = "<group>"; };
		F62C2ADC26D788CB005EEA92 /* DataTransferService.swift */ = {isa = PBXFileReference; fileEncoding = 4; lastKnownFileType = sourcecode.swift; path = DataTransferService.swift; sourceTree = "<group>"; };
		F62C2ADD26D788CB005EEA92 /* NetworkService.swift */ = {isa = PBXFileReference; fileEncoding = 4; lastKnownFileType = sourcecode.swift; path = NetworkService.swift; sourceTree = "<group>"; };
		F62C2ADE26D788CB005EEA92 /* HeaderParameters.swift */ = {isa = PBXFileReference; fileEncoding = 4; lastKnownFileType = sourcecode.swift; path = HeaderParameters.swift; sourceTree = "<group>"; };
		F62C2ADF26D788CB005EEA92 /* Cancellable.swift */ = {isa = PBXFileReference; fileEncoding = 4; lastKnownFileType = sourcecode.swift; path = Cancellable.swift; sourceTree = "<group>"; };
		F62C2AE026D788CB005EEA92 /* DataTransferError.swift */ = {isa = PBXFileReference; fileEncoding = 4; lastKnownFileType = sourcecode.swift; path = DataTransferError.swift; sourceTree = "<group>"; };
		F62C2AE126D788CB005EEA92 /* StatusCodes.swift */ = {isa = PBXFileReference; fileEncoding = 4; lastKnownFileType = sourcecode.swift; path = StatusCodes.swift; sourceTree = "<group>"; };
		F62C2AE226D788CB005EEA92 /* InvalidCredentialsResponse.swift */ = {isa = PBXFileReference; fileEncoding = 4; lastKnownFileType = sourcecode.swift; path = InvalidCredentialsResponse.swift; sourceTree = "<group>"; };
		F62C2AE326D788CB005EEA92 /* Endpoint.swift */ = {isa = PBXFileReference; fileEncoding = 4; lastKnownFileType = sourcecode.swift; path = Endpoint.swift; sourceTree = "<group>"; };
		F62C2AE426D788CB005EEA92 /* NetworkConfig.swift */ = {isa = PBXFileReference; fileEncoding = 4; lastKnownFileType = sourcecode.swift; path = NetworkConfig.swift; sourceTree = "<group>"; };
		F62C2AF126D78949005EEA92 /* NetworkError.swift */ = {isa = PBXFileReference; lastKnownFileType = sourcecode.swift; path = NetworkError.swift; sourceTree = "<group>"; };
		F62C2AF326D7897A005EEA92 /* NetworkErrorLogger.swift */ = {isa = PBXFileReference; lastKnownFileType = sourcecode.swift; path = NetworkErrorLogger.swift; sourceTree = "<group>"; };
		F62C2AF626D78C3F005EEA92 /* APIEndpoints.swift */ = {isa = PBXFileReference; lastKnownFileType = sourcecode.swift; path = APIEndpoints.swift; sourceTree = "<group>"; };
		F62C2AF926D7AE81005EEA92 /* RepositoryTask.swift */ = {isa = PBXFileReference; lastKnownFileType = sourcecode.swift; path = RepositoryTask.swift; sourceTree = "<group>"; };
		F62C2AFD26D7AF5C005EEA92 /* NasaDIContainer.swift */ = {isa = PBXFileReference; lastKnownFileType = sourcecode.swift; path = NasaDIContainer.swift; sourceTree = "<group>"; };
		F62C2AFF26D7B02D005EEA92 /* PhotoListViewModel.swift */ = {isa = PBXFileReference; lastKnownFileType = sourcecode.swift; path = PhotoListViewModel.swift; sourceTree = "<group>"; };
		F62C2B0126D7B608005EEA92 /* AppMainModule.swift */ = {isa = PBXFileReference; lastKnownFileType = sourcecode.swift; path = AppMainModule.swift; sourceTree = "<group>"; };
		F62C2B0326D7B6AE005EEA92 /* AppDIContainer.swift */ = {isa = PBXFileReference; lastKnownFileType = sourcecode.swift; path = AppDIContainer.swift; sourceTree = "<group>"; };
		F62C2B0526D7B702005EEA92 /* AppConfiguration.swift */ = {isa = PBXFileReference; lastKnownFileType = sourcecode.swift; path = AppConfiguration.swift; sourceTree = "<group>"; };
		F62C2B0C26D7FECA005EEA92 /* TabBarItem.swift */ = {isa = PBXFileReference; lastKnownFileType = sourcecode.swift; path = TabBarItem.swift; sourceTree = "<group>"; };
		F62C2B1226D800CD005EEA92 /* HomeDIContainer.swift */ = {isa = PBXFileReference; lastKnownFileType = sourcecode.swift; path = HomeDIContainer.swift; sourceTree = "<group>"; };
		F62C2B1426D8D4DC005EEA92 /* AppAppearance.swift */ = {isa = PBXFileReference; lastKnownFileType = sourcecode.swift; path = AppAppearance.swift; sourceTree = "<group>"; };
		F62C2B1626D8D65A005EEA92 /* ImageDonwloader.swift */ = {isa = PBXFileReference; lastKnownFileType = sourcecode.swift; path = ImageDonwloader.swift; sourceTree = "<group>"; };
		F62C2B1A26D8D6B6005EEA92 /* PhotoCellViewModel.swift */ = {isa = PBXFileReference; lastKnownFileType = sourcecode.swift; path = PhotoCellViewModel.swift; sourceTree = "<group>"; };
		F62C2B1C26D8D89E005EEA92 /* PhotoListTableHeaderView.swift */ = {isa = PBXFileReference; lastKnownFileType = sourcecode.swift; path = PhotoListTableHeaderView.swift; sourceTree = "<group>"; };
		F62C2B1E26D8D9AF005EEA92 /* Observable.swift */ = {isa = PBXFileReference; lastKnownFileType = sourcecode.swift; path = Observable.swift; sourceTree = "<group>"; };
		F62C2B2226D925DE005EEA92 /* PhotoCell.swift */ = {isa = PBXFileReference; lastKnownFileType = sourcecode.swift; path = PhotoCell.swift; sourceTree = "<group>"; };
		F62C2B2326D925DF005EEA92 /* PhotoCell.xib */ = {isa = PBXFileReference; lastKnownFileType = file.xib; path = PhotoCell.xib; sourceTree = "<group>"; };
		F6FCC7D926AD4F910064E87C /* NasaTestApp.app */ = {isa = PBXFileReference; explicitFileType = wrapper.application; includeInIndex = 0; path = NasaTestApp.app; sourceTree = BUILT_PRODUCTS_DIR; };
		F6FCC7DC26AD4F910064E87C /* AppDelegate.swift */ = {isa = PBXFileReference; lastKnownFileType = sourcecode.swift; path = AppDelegate.swift; sourceTree = "<group>"; };
		F6FCC7E226AD4F910064E87C /* Document.swift */ = {isa = PBXFileReference; lastKnownFileType = sourcecode.swift; path = Document.swift; sourceTree = "<group>"; };
		F6FCC7E526AD4F910064E87C /* Base */ = {isa = PBXFileReference; lastKnownFileType = file.storyboard; name = Base; path = Base.lproj/Main.storyboard; sourceTree = "<group>"; };
		F6FCC7E726AD4F940064E87C /* Assets.xcassets */ = {isa = PBXFileReference; lastKnownFileType = folder.assetcatalog; path = Assets.xcassets; sourceTree = "<group>"; };
		F6FCC7EA26AD4F940064E87C /* Base */ = {isa = PBXFileReference; lastKnownFileType = file.storyboard; name = Base; path = Base.lproj/LaunchScreen.storyboard; sourceTree = "<group>"; };
		F6FCC7EC26AD4F940064E87C /* Info.plist */ = {isa = PBXFileReference; lastKnownFileType = text.plist.xml; path = Info.plist; sourceTree = "<group>"; };
		F6FCC7F126AD4F940064E87C /* NasaTestAppTests.xctest */ = {isa = PBXFileReference; explicitFileType = wrapper.cfbundle; includeInIndex = 0; path = NasaTestAppTests.xctest; sourceTree = BUILT_PRODUCTS_DIR; };
		F6FCC7F526AD4F940064E87C /* NasaTestAppTests.swift */ = {isa = PBXFileReference; lastKnownFileType = sourcecode.swift; path = NasaTestAppTests.swift; sourceTree = "<group>"; };
		F6FCC7F726AD4F940064E87C /* Info.plist */ = {isa = PBXFileReference; lastKnownFileType = text.plist.xml; path = Info.plist; sourceTree = "<group>"; };
		F6FCC7FC26AD4F940064E87C /* NasaTestAppUITests.xctest */ = {isa = PBXFileReference; explicitFileType = wrapper.cfbundle; includeInIndex = 0; path = NasaTestAppUITests.xctest; sourceTree = BUILT_PRODUCTS_DIR; };
		F6FCC80026AD4F940064E87C /* NasaTestAppUITests.swift */ = {isa = PBXFileReference; lastKnownFileType = sourcecode.swift; path = NasaTestAppUITests.swift; sourceTree = "<group>"; };
		F6FCC80226AD4F940064E87C /* Info.plist */ = {isa = PBXFileReference; lastKnownFileType = text.plist.xml; path = Info.plist; sourceTree = "<group>"; };
		F6FCC81326AD50E00064E87C /* PhotoListViewController.swift */ = {isa = PBXFileReference; lastKnownFileType = sourcecode.swift; path = PhotoListViewController.swift; sourceTree = "<group>"; };
		F6FCC81526AD50ED0064E87C /* PhotoDetailViewController.swift */ = {isa = PBXFileReference; lastKnownFileType = sourcecode.swift; path = PhotoDetailViewController.swift; sourceTree = "<group>"; };
		F6FCC81726AD516D0064E87C /* PhotoDetailViewController.storyboard */ = {isa = PBXFileReference; lastKnownFileType = file.storyboard; path = PhotoDetailViewController.storyboard; sourceTree = "<group>"; };
		F6FCC81C26AD52930064E87C /* UIView+Ext.swift */ = {isa = PBXFileReference; lastKnownFileType = sourcecode.swift; path = "UIView+Ext.swift"; sourceTree = "<group>"; };
		F6FCC81E26AD53230064E87C /* UITableView+Ext.swift */ = {isa = PBXFileReference; lastKnownFileType = sourcecode.swift; path = "UITableView+Ext.swift"; sourceTree = "<group>"; };
/* End PBXFileReference section */

/* Begin PBXFrameworksBuildPhase section */
		F6FCC7D626AD4F910064E87C /* Frameworks */ = {
			isa = PBXFrameworksBuildPhase;
			buildActionMask = 2147483647;
			files = (
			);
			runOnlyForDeploymentPostprocessing = 0;
		};
		F6FCC7EE26AD4F940064E87C /* Frameworks */ = {
			isa = PBXFrameworksBuildPhase;
			buildActionMask = 2147483647;
			files = (
			);
			runOnlyForDeploymentPostprocessing = 0;
		};
		F6FCC7F926AD4F940064E87C /* Frameworks */ = {
			isa = PBXFrameworksBuildPhase;
			buildActionMask = 2147483647;
			files = (
			);
			runOnlyForDeploymentPostprocessing = 0;
		};
/* End PBXFrameworksBuildPhase section */

/* Begin PBXGroup section */
		F62C2AB426D68EBF005EEA92 /* Domain */ = {
			isa = PBXGroup;
			children = (
				F62C2AF526D78C26005EEA92 /* API */,
				F62C2AB526D68ECA005EEA92 /* Entities */,
			);
			path = Domain;
			sourceTree = "<group>";
		};
		F62C2AB526D68ECA005EEA92 /* Entities */ = {
			isa = PBXGroup;
			children = (
				F62C2AB626D68ED5005EEA92 /* Apod.swift */,
				F62C2AB826D69375005EEA92 /* EpicImage.swift */,
			);
			path = Entities;
			sourceTree = "<group>";
		};
		F62C2ABA26D78467005EEA92 /* Infrastructure */ = {
			isa = PBXGroup;
			children = (
				F62C2AD826D788CB005EEA92 /* Network */,
				F62C2B1626D8D65A005EEA92 /* ImageDonwloader.swift */,
			);
			path = Infrastructure;
			sourceTree = "<group>";
		};
		F62C2AD826D788CB005EEA92 /* Network */ = {
			isa = PBXGroup;
			children = (
				F62C2ADB26D788CB005EEA92 /* ConnectionError.swift */,
				F62C2ADC26D788CB005EEA92 /* DataTransferService.swift */,
				F62C2ADD26D788CB005EEA92 /* NetworkService.swift */,
				F62C2AF326D7897A005EEA92 /* NetworkErrorLogger.swift */,
				F62C2AF126D78949005EEA92 /* NetworkError.swift */,
				F62C2ADE26D788CB005EEA92 /* HeaderParameters.swift */,
				F62C2ADF26D788CB005EEA92 /* Cancellable.swift */,
				F62C2AE026D788CB005EEA92 /* DataTransferError.swift */,
				F62C2AE126D788CB005EEA92 /* StatusCodes.swift */,
				F62C2AE226D788CB005EEA92 /* InvalidCredentialsResponse.swift */,
				F62C2AE326D788CB005EEA92 /* Endpoint.swift */,
				F62C2AE426D788CB005EEA92 /* NetworkConfig.swift */,
			);
			path = Network;
			sourceTree = "<group>";
		};
		F62C2AF526D78C26005EEA92 /* API */ = {
			isa = PBXGroup;
			children = (
				F62C2AF626D78C3F005EEA92 /* APIEndpoints.swift */,
			);
			path = API;
			sourceTree = "<group>";
		};
		F62C2AF826D7AE75005EEA92 /* Data */ = {
			isa = PBXGroup;
			children = (
				F62C2AB226D681A0005EEA92 /* NasaDataRepository.swift */,
				F62C2AF926D7AE81005EEA92 /* RepositoryTask.swift */,
			);
			path = Data;
			sourceTree = "<group>";
		};
		F62C2AFB26D7AF26005EEA92 /* Application */ = {
			isa = PBXGroup;
			children = (
				F6FCC7DC26AD4F910064E87C /* AppDelegate.swift */,
				F62C2B0126D7B608005EEA92 /* AppMainModule.swift */,
				F62C2B1426D8D4DC005EEA92 /* AppAppearance.swift */,
				F62C2B0526D7B702005EEA92 /* AppConfiguration.swift */,
				F62C2B0C26D7FECA005EEA92 /* TabBarItem.swift */,
				F62C2AFC26D7AF2C005EEA92 /* DIContainer */,
			);
			path = Application;
			sourceTree = "<group>";
		};
		F62C2AFC26D7AF2C005EEA92 /* DIContainer */ = {
			isa = PBXGroup;
			children = (
				F62C2B0326D7B6AE005EEA92 /* AppDIContainer.swift */,
				F62C2B1226D800CD005EEA92 /* HomeDIContainer.swift */,
				F62C2AFD26D7AF5C005EEA92 /* NasaDIContainer.swift */,
			);
			path = DIContainer;
			sourceTree = "<group>";
		};
		F62C2B1826D8D68B005EEA92 /* View */ = {
			isa = PBXGroup;
			children = (
				F6FCC7E426AD4F910064E87C /* Main.storyboard */,
				F6FCC81326AD50E00064E87C /* PhotoListViewController.swift */,
				F62C2B2226D925DE005EEA92 /* PhotoCell.swift */,
				F62C2B2326D925DF005EEA92 /* PhotoCell.xib */,
				F62C2B1C26D8D89E005EEA92 /* PhotoListTableHeaderView.swift */,
			);
			path = View;
			sourceTree = "<group>";
		};
		F62C2B1926D8D68E005EEA92 /* ViewModel */ = {
			isa = PBXGroup;
			children = (
				F62C2AFF26D7B02D005EEA92 /* PhotoListViewModel.swift */,
				F62C2B1A26D8D6B6005EEA92 /* PhotoCellViewModel.swift */,
			);
			path = ViewModel;
			sourceTree = "<group>";
		};
		F62C2B2026D8DB70005EEA92 /* Binding */ = {
			isa = PBXGroup;
			children = (
				F62C2B1E26D8D9AF005EEA92 /* Observable.swift */,
			);
			path = Binding;
			sourceTree = "<group>";
		};
		F62C2B2126D8DB80005EEA92 /* Scenes */ = {
			isa = PBXGroup;
			children = (
				F6FCC81A26AD52080064E87C /* Home */,
				F6FCC81026AD50040064E87C /* DetailView */,
			);
			path = Scenes;
			sourceTree = "<group>";
		};
		F6FCC7D026AD4F910064E87C = {
			isa = PBXGroup;
			children = (
				F6FCC7DB26AD4F910064E87C /* NasaTestApp */,
				F6FCC7F426AD4F940064E87C /* NasaTestAppTests */,
				F6FCC7FF26AD4F940064E87C /* NasaTestAppUITests */,
				F6FCC7DA26AD4F910064E87C /* Products */,
			);
			sourceTree = "<group>";
		};
		F6FCC7DA26AD4F910064E87C /* Products */ = {
			isa = PBXGroup;
			children = (
				F6FCC7D926AD4F910064E87C /* NasaTestApp.app */,
				F6FCC7F126AD4F940064E87C /* NasaTestAppTests.xctest */,
				F6FCC7FC26AD4F940064E87C /* NasaTestAppUITests.xctest */,
			);
			name = Products;
			sourceTree = "<group>";
		};
		F6FCC7DB26AD4F910064E87C /* NasaTestApp */ = {
			isa = PBXGroup;
			children = (
				F62C2AFB26D7AF26005EEA92 /* Application */,
				F62C2AF826D7AE75005EEA92 /* Data */,
				F62C2ABA26D78467005EEA92 /* Infrastructure */,
				F62C2AB426D68EBF005EEA92 /* Domain */,
				F6FCC80E26AD4FF10064E87C /* Presentation */,
				F6FCC7E226AD4F910064E87C /* Document.swift */,
				F6FCC7E726AD4F940064E87C /* Assets.xcassets */,
				F6FCC7E926AD4F940064E87C /* LaunchScreen.storyboard */,
				F6FCC7EC26AD4F940064E87C /* Info.plist */,
			);
			path = NasaTestApp;
			sourceTree = "<group>";
		};
		F6FCC7F426AD4F940064E87C /* NasaTestAppTests */ = {
			isa = PBXGroup;
			children = (
				F6FCC7F526AD4F940064E87C /* NasaTestAppTests.swift */,
				F6FCC7F726AD4F940064E87C /* Info.plist */,
			);
			path = NasaTestAppTests;
			sourceTree = "<group>";
		};
		F6FCC7FF26AD4F940064E87C /* NasaTestAppUITests */ = {
			isa = PBXGroup;
			children = (
				F6FCC80026AD4F940064E87C /* NasaTestAppUITests.swift */,
				F6FCC80226AD4F940064E87C /* Info.plist */,
			);
			path = NasaTestAppUITests;
			sourceTree = "<group>";
		};
		F6FCC80E26AD4FF10064E87C /* Presentation */ = {
			isa = PBXGroup;
			children = (
				F62C2B2126D8DB80005EEA92 /* Scenes */,
				F62C2B2026D8DB70005EEA92 /* Binding */,
				F6FCC81B26AD52850064E87C /* Extensions */,
			);
			path = Presentation;
			sourceTree = "<group>";
		};
		F6FCC81026AD50040064E87C /* DetailView */ = {
			isa = PBXGroup;
			children = (
				F6FCC81526AD50ED0064E87C /* PhotoDetailViewController.swift */,
				F6FCC81726AD516D0064E87C /* PhotoDetailViewController.storyboard */,
			);
			path = DetailView;
			sourceTree = "<group>";
		};
		F6FCC81A26AD52080064E87C /* Home */ = {
			isa = PBXGroup;
			children = (
				F62C2B1926D8D68E005EEA92 /* ViewModel */,
				F62C2B1826D8D68B005EEA92 /* View */,
			);
			path = Home;
			sourceTree = "<group>";
		};
		F6FCC81B26AD52850064E87C /* Extensions */ = {
			isa = PBXGroup;
			children = (
				F6FCC81C26AD52930064E87C /* UIView+Ext.swift */,
				F6FCC81E26AD53230064E87C /* UITableView+Ext.swift */,
			);
			path = Extensions;
			sourceTree = "<group>";
		};
/* End PBXGroup section */

/* Begin PBXNativeTarget section */
		F6FCC7D826AD4F910064E87C /* NasaTestApp */ = {
			isa = PBXNativeTarget;
			buildConfigurationList = F6FCC80526AD4F940064E87C /* Build configuration list for PBXNativeTarget "NasaTestApp" */;
			buildPhases = (
				F6FCC7D526AD4F910064E87C /* Sources */,
				F6FCC7D626AD4F910064E87C /* Frameworks */,
				F6FCC7D726AD4F910064E87C /* Resources */,
			);
			buildRules = (
			);
			dependencies = (
			);
			name = NasaTestApp;
			productName = NasaTestApp;
			productReference = F6FCC7D926AD4F910064E87C /* NasaTestApp.app */;
			productType = "com.apple.product-type.application";
		};
		F6FCC7F026AD4F940064E87C /* NasaTestAppTests */ = {
			isa = PBXNativeTarget;
			buildConfigurationList = F6FCC80826AD4F940064E87C /* Build configuration list for PBXNativeTarget "NasaTestAppTests" */;
			buildPhases = (
				F6FCC7ED26AD4F940064E87C /* Sources */,
				F6FCC7EE26AD4F940064E87C /* Frameworks */,
				F6FCC7EF26AD4F940064E87C /* Resources */,
			);
			buildRules = (
			);
			dependencies = (
				F6FCC7F326AD4F940064E87C /* PBXTargetDependency */,
			);
			name = NasaTestAppTests;
			productName = NasaTestAppTests;
			productReference = F6FCC7F126AD4F940064E87C /* NasaTestAppTests.xctest */;
			productType = "com.apple.product-type.bundle.unit-test";
		};
		F6FCC7FB26AD4F940064E87C /* NasaTestAppUITests */ = {
			isa = PBXNativeTarget;
			buildConfigurationList = F6FCC80B26AD4F940064E87C /* Build configuration list for PBXNativeTarget "NasaTestAppUITests" */;
			buildPhases = (
				F6FCC7F826AD4F940064E87C /* Sources */,
				F6FCC7F926AD4F940064E87C /* Frameworks */,
				F6FCC7FA26AD4F940064E87C /* Resources */,
			);
			buildRules = (
			);
			dependencies = (
				F6FCC7FE26AD4F940064E87C /* PBXTargetDependency */,
			);
			name = NasaTestAppUITests;
			productName = NasaTestAppUITests;
			productReference = F6FCC7FC26AD4F940064E87C /* NasaTestAppUITests.xctest */;
			productType = "com.apple.product-type.bundle.ui-testing";
		};
/* End PBXNativeTarget section */

/* Begin PBXProject section */
		F6FCC7D126AD4F910064E87C /* Project object */ = {
			isa = PBXProject;
			attributes = {
				LastSwiftUpdateCheck = 1250;
				LastUpgradeCheck = 1250;
				TargetAttributes = {
					F6FCC7D826AD4F910064E87C = {
						CreatedOnToolsVersion = 12.5.1;
					};
					F6FCC7F026AD4F940064E87C = {
						CreatedOnToolsVersion = 12.5.1;
						TestTargetID = F6FCC7D826AD4F910064E87C;
					};
					F6FCC7FB26AD4F940064E87C = {
						CreatedOnToolsVersion = 12.5.1;
						TestTargetID = F6FCC7D826AD4F910064E87C;
					};
				};
			};
			buildConfigurationList = F6FCC7D426AD4F910064E87C /* Build configuration list for PBXProject "NasaTestApp" */;
			compatibilityVersion = "Xcode 9.3";
			developmentRegion = en;
			hasScannedForEncodings = 0;
			knownRegions = (
				en,
				Base,
			);
			mainGroup = F6FCC7D026AD4F910064E87C;
			productRefGroup = F6FCC7DA26AD4F910064E87C /* Products */;
			projectDirPath = "";
			projectRoot = "";
			targets = (
				F6FCC7D826AD4F910064E87C /* NasaTestApp */,
				F6FCC7F026AD4F940064E87C /* NasaTestAppTests */,
				F6FCC7FB26AD4F940064E87C /* NasaTestAppUITests */,
			);
		};
/* End PBXProject section */

/* Begin PBXResourcesBuildPhase section */
		F6FCC7D726AD4F910064E87C /* Resources */ = {
			isa = PBXResourcesBuildPhase;
			buildActionMask = 2147483647;
			files = (
				F6FCC81826AD516D0064E87C /* PhotoDetailViewController.storyboard in Resources */,
				F6FCC7EB26AD4F940064E87C /* LaunchScreen.storyboard in Resources */,
				F6FCC7E826AD4F940064E87C /* Assets.xcassets in Resources */,
				F6FCC7E626AD4F910064E87C /* Main.storyboard in Resources */,
				F62C2B2526D925DF005EEA92 /* PhotoCell.xib in Resources */,
			);
			runOnlyForDeploymentPostprocessing = 0;
		};
		F6FCC7EF26AD4F940064E87C /* Resources */ = {
			isa = PBXResourcesBuildPhase;
			buildActionMask = 2147483647;
			files = (
			);
			runOnlyForDeploymentPostprocessing = 0;
		};
		F6FCC7FA26AD4F940064E87C /* Resources */ = {
			isa = PBXResourcesBuildPhase;
			buildActionMask = 2147483647;
			files = (
			);
			runOnlyForDeploymentPostprocessing = 0;
		};
/* End PBXResourcesBuildPhase section */

/* Begin PBXSourcesBuildPhase section */
		F6FCC7D526AD4F910064E87C /* Sources */ = {
			isa = PBXSourcesBuildPhase;
			buildActionMask = 2147483647;
			files = (
				F62C2AEA26D788CB005EEA92 /* HeaderParameters.swift in Sources */,
				F6FCC7E326AD4F910064E87C /* Document.swift in Sources */,
				F62C2B1726D8D65A005EEA92 /* ImageDonwloader.swift in Sources */,
				F62C2AED26D788CB005EEA92 /* StatusCodes.swift in Sources */,
				F62C2AF726D78C3F005EEA92 /* APIEndpoints.swift in Sources */,
				F62C2B0226D7B608005EEA92 /* AppMainModule.swift in Sources */,
				F62C2AEB26D788CB005EEA92 /* Cancellable.swift in Sources */,
				F62C2B1D26D8D89E005EEA92 /* PhotoListTableHeaderView.swift in Sources */,
				F62C2AB726D68ED5005EEA92 /* Apod.swift in Sources */,
				F6FCC81626AD50ED0064E87C /* PhotoDetailViewController.swift in Sources */,
				F62C2B1326D800CD005EEA92 /* HomeDIContainer.swift in Sources */,
				F62C2B0426D7B6AE005EEA92 /* AppDIContainer.swift in Sources */,
				F62C2AE826D788CB005EEA92 /* DataTransferService.swift in Sources */,
				F62C2AE926D788CB005EEA92 /* NetworkService.swift in Sources */,
				F62C2AEC26D788CB005EEA92 /* DataTransferError.swift in Sources */,
				F62C2AF226D78949005EEA92 /* NetworkError.swift in Sources */,
				F6FCC81D26AD52930064E87C /* UIView+Ext.swift in Sources */,
				F62C2B1526D8D4DC005EEA92 /* AppAppearance.swift in Sources */,
				F62C2AEE26D788CB005EEA92 /* InvalidCredentialsResponse.swift in Sources */,
				F62C2B1B26D8D6B6005EEA92 /* PhotoCellViewModel.swift in Sources */,
				F62C2AE726D788CB005EEA92 /* ConnectionError.swift in Sources */,
				F62C2AF026D788CB005EEA92 /* NetworkConfig.swift in Sources */,
				F62C2AEF26D788CB005EEA92 /* Endpoint.swift in Sources */,
				F6FCC81F26AD53230064E87C /* UITableView+Ext.swift in Sources */,
				F6FCC81426AD50E00064E87C /* PhotoListViewController.swift in Sources */,
				F62C2AF426D7897A005EEA92 /* NetworkErrorLogger.swift in Sources */,
				F62C2AFE26D7AF5C005EEA92 /* NasaDIContainer.swift in Sources */,
				F62C2AB326D681A0005EEA92 /* NasaDataRepository.swift in Sources */,
				F62C2B2426D925DF005EEA92 /* PhotoCell.swift in Sources */,
				F62C2B0D26D7FECA005EEA92 /* TabBarItem.swift in Sources */,
				F62C2AB926D69375005EEA92 /* EpicImage.swift in Sources */,
				F6FCC7DD26AD4F910064E87C /* AppDelegate.swift in Sources */,
				F62C2B1F26D8D9AF005EEA92 /* Observable.swift in Sources */,
				F62C2B0026D7B02D005EEA92 /* PhotoListViewModel.swift in Sources */,
				F62C2B0626D7B702005EEA92 /* AppConfiguration.swift in Sources */,
				F62C2AFA26D7AE81005EEA92 /* RepositoryTask.swift in Sources */,
			);
			runOnlyForDeploymentPostprocessing = 0;
		};
		F6FCC7ED26AD4F940064E87C /* Sources */ = {
			isa = PBXSourcesBuildPhase;
			buildActionMask = 2147483647;
			files = (
				F6FCC7F626AD4F940064E87C /* NasaTestAppTests.swift in Sources */,
			);
			runOnlyForDeploymentPostprocessing = 0;
		};
		F6FCC7F826AD4F940064E87C /* Sources */ = {
			isa = PBXSourcesBuildPhase;
			buildActionMask = 2147483647;
			files = (
				F6FCC80126AD4F940064E87C /* NasaTestAppUITests.swift in Sources */,
			);
			runOnlyForDeploymentPostprocessing = 0;
		};
/* End PBXSourcesBuildPhase section */

/* Begin PBXTargetDependency section */
		F6FCC7F326AD4F940064E87C /* PBXTargetDependency */ = {
			isa = PBXTargetDependency;
			target = F6FCC7D826AD4F910064E87C /* NasaTestApp */;
			targetProxy = F6FCC7F226AD4F940064E87C /* PBXContainerItemProxy */;
		};
		F6FCC7FE26AD4F940064E87C /* PBXTargetDependency */ = {
			isa = PBXTargetDependency;
			target = F6FCC7D826AD4F910064E87C /* NasaTestApp */;
			targetProxy = F6FCC7FD26AD4F940064E87C /* PBXContainerItemProxy */;
		};
/* End PBXTargetDependency section */

/* Begin PBXVariantGroup section */
		F6FCC7E426AD4F910064E87C /* Main.storyboard */ = {
			isa = PBXVariantGroup;
			children = (
				F6FCC7E526AD4F910064E87C /* Base */,
			);
			name = Main.storyboard;
			sourceTree = "<group>";
		};
		F6FCC7E926AD4F940064E87C /* LaunchScreen.storyboard */ = {
			isa = PBXVariantGroup;
			children = (
				F6FCC7EA26AD4F940064E87C /* Base */,
			);
			name = LaunchScreen.storyboard;
			sourceTree = "<group>";
		};
/* End PBXVariantGroup section */

/* Begin XCBuildConfiguration section */
		F6FCC80326AD4F940064E87C /* Debug */ = {
			isa = XCBuildConfiguration;
			buildSettings = {
				ALWAYS_SEARCH_USER_PATHS = NO;
				CLANG_ANALYZER_NONNULL = YES;
				CLANG_ANALYZER_NUMBER_OBJECT_CONVERSION = YES_AGGRESSIVE;
				CLANG_CXX_LANGUAGE_STANDARD = "gnu++14";
				CLANG_CXX_LIBRARY = "libc++";
				CLANG_ENABLE_MODULES = YES;
				CLANG_ENABLE_OBJC_ARC = YES;
				CLANG_ENABLE_OBJC_WEAK = YES;
				CLANG_WARN_BLOCK_CAPTURE_AUTORELEASING = YES;
				CLANG_WARN_BOOL_CONVERSION = YES;
				CLANG_WARN_COMMA = YES;
				CLANG_WARN_CONSTANT_CONVERSION = YES;
				CLANG_WARN_DEPRECATED_OBJC_IMPLEMENTATIONS = YES;
				CLANG_WARN_DIRECT_OBJC_ISA_USAGE = YES_ERROR;
				CLANG_WARN_DOCUMENTATION_COMMENTS = YES;
				CLANG_WARN_EMPTY_BODY = YES;
				CLANG_WARN_ENUM_CONVERSION = YES;
				CLANG_WARN_INFINITE_RECURSION = YES;
				CLANG_WARN_INT_CONVERSION = YES;
				CLANG_WARN_NON_LITERAL_NULL_CONVERSION = YES;
				CLANG_WARN_OBJC_IMPLICIT_RETAIN_SELF = YES;
				CLANG_WARN_OBJC_LITERAL_CONVERSION = YES;
				CLANG_WARN_OBJC_ROOT_CLASS = YES_ERROR;
				CLANG_WARN_QUOTED_INCLUDE_IN_FRAMEWORK_HEADER = YES;
				CLANG_WARN_RANGE_LOOP_ANALYSIS = YES;
				CLANG_WARN_STRICT_PROTOTYPES = YES;
				CLANG_WARN_SUSPICIOUS_MOVE = YES;
				CLANG_WARN_UNGUARDED_AVAILABILITY = YES_AGGRESSIVE;
				CLANG_WARN_UNREACHABLE_CODE = YES;
				CLANG_WARN__DUPLICATE_METHOD_MATCH = YES;
				COPY_PHASE_STRIP = NO;
				DEBUG_INFORMATION_FORMAT = dwarf;
				ENABLE_STRICT_OBJC_MSGSEND = YES;
				ENABLE_TESTABILITY = YES;
				GCC_C_LANGUAGE_STANDARD = gnu11;
				GCC_DYNAMIC_NO_PIC = NO;
				GCC_NO_COMMON_BLOCKS = YES;
				GCC_OPTIMIZATION_LEVEL = 0;
				GCC_PREPROCESSOR_DEFINITIONS = (
					"DEBUG=1",
					"$(inherited)",
				);
				GCC_WARN_64_TO_32_BIT_CONVERSION = YES;
				GCC_WARN_ABOUT_RETURN_TYPE = YES_ERROR;
				GCC_WARN_UNDECLARED_SELECTOR = YES;
				GCC_WARN_UNINITIALIZED_AUTOS = YES_AGGRESSIVE;
				GCC_WARN_UNUSED_FUNCTION = YES;
				GCC_WARN_UNUSED_VARIABLE = YES;
				IPHONEOS_DEPLOYMENT_TARGET = 14.5;
				MTL_ENABLE_DEBUG_INFO = INCLUDE_SOURCE;
				MTL_FAST_MATH = YES;
				ONLY_ACTIVE_ARCH = YES;
				SDKROOT = iphoneos;
				SWIFT_ACTIVE_COMPILATION_CONDITIONS = DEBUG;
				SWIFT_OPTIMIZATION_LEVEL = "-Onone";
			};
			name = Debug;
		};
		F6FCC80426AD4F940064E87C /* Release */ = {
			isa = XCBuildConfiguration;
			buildSettings = {
				ALWAYS_SEARCH_USER_PATHS = NO;
				CLANG_ANALYZER_NONNULL = YES;
				CLANG_ANALYZER_NUMBER_OBJECT_CONVERSION = YES_AGGRESSIVE;
				CLANG_CXX_LANGUAGE_STANDARD = "gnu++14";
				CLANG_CXX_LIBRARY = "libc++";
				CLANG_ENABLE_MODULES = YES;
				CLANG_ENABLE_OBJC_ARC = YES;
				CLANG_ENABLE_OBJC_WEAK = YES;
				CLANG_WARN_BLOCK_CAPTURE_AUTORELEASING = YES;
				CLANG_WARN_BOOL_CONVERSION = YES;
				CLANG_WARN_COMMA = YES;
				CLANG_WARN_CONSTANT_CONVERSION = YES;
				CLANG_WARN_DEPRECATED_OBJC_IMPLEMENTATIONS = YES;
				CLANG_WARN_DIRECT_OBJC_ISA_USAGE = YES_ERROR;
				CLANG_WARN_DOCUMENTATION_COMMENTS = YES;
				CLANG_WARN_EMPTY_BODY = YES;
				CLANG_WARN_ENUM_CONVERSION = YES;
				CLANG_WARN_INFINITE_RECURSION = YES;
				CLANG_WARN_INT_CONVERSION = YES;
				CLANG_WARN_NON_LITERAL_NULL_CONVERSION = YES;
				CLANG_WARN_OBJC_IMPLICIT_RETAIN_SELF = YES;
				CLANG_WARN_OBJC_LITERAL_CONVERSION = YES;
				CLANG_WARN_OBJC_ROOT_CLASS = YES_ERROR;
				CLANG_WARN_QUOTED_INCLUDE_IN_FRAMEWORK_HEADER = YES;
				CLANG_WARN_RANGE_LOOP_ANALYSIS = YES;
				CLANG_WARN_STRICT_PROTOTYPES = YES;
				CLANG_WARN_SUSPICIOUS_MOVE = YES;
				CLANG_WARN_UNGUARDED_AVAILABILITY = YES_AGGRESSIVE;
				CLANG_WARN_UNREACHABLE_CODE = YES;
				CLANG_WARN__DUPLICATE_METHOD_MATCH = YES;
				COPY_PHASE_STRIP = NO;
				DEBUG_INFORMATION_FORMAT = "dwarf-with-dsym";
				ENABLE_NS_ASSERTIONS = NO;
				ENABLE_STRICT_OBJC_MSGSEND = YES;
				GCC_C_LANGUAGE_STANDARD = gnu11;
				GCC_NO_COMMON_BLOCKS = YES;
				GCC_WARN_64_TO_32_BIT_CONVERSION = YES;
				GCC_WARN_ABOUT_RETURN_TYPE = YES_ERROR;
				GCC_WARN_UNDECLARED_SELECTOR = YES;
				GCC_WARN_UNINITIALIZED_AUTOS = YES_AGGRESSIVE;
				GCC_WARN_UNUSED_FUNCTION = YES;
				GCC_WARN_UNUSED_VARIABLE = YES;
				IPHONEOS_DEPLOYMENT_TARGET = 14.5;
				MTL_ENABLE_DEBUG_INFO = NO;
				MTL_FAST_MATH = YES;
				SDKROOT = iphoneos;
				SWIFT_COMPILATION_MODE = wholemodule;
				SWIFT_OPTIMIZATION_LEVEL = "-O";
				VALIDATE_PRODUCT = YES;
			};
			name = Release;
		};
		F6FCC80626AD4F940064E87C /* Debug */ = {
			isa = XCBuildConfiguration;
			buildSettings = {
				ASSETCATALOG_COMPILER_APPICON_NAME = AppIcon;
				ASSETCATALOG_COMPILER_GLOBAL_ACCENT_COLOR_NAME = AccentColor;
				CODE_SIGN_IDENTITY = "Apple Development";
				CODE_SIGN_STYLE = Automatic;
				DEVELOPMENT_TEAM = 5RTAWRP7KM;
				INFOPLIST_FILE = NasaTestApp/Info.plist;
				LD_RUNPATH_SEARCH_PATHS = (
					"$(inherited)",
					"@executable_path/Frameworks",
				);
				PRODUCT_BUNDLE_IDENTIFIER = sachuk.com.NasaTestApp;
				PRODUCT_NAME = "$(TARGET_NAME)";
				PROVISIONING_PROFILE_SPECIFIER = "";
				SWIFT_VERSION = 5.0;
				TARGETED_DEVICE_FAMILY = "1,2";
			};
			name = Debug;
		};
		F6FCC80726AD4F940064E87C /* Release */ = {
			isa = XCBuildConfiguration;
			buildSettings = {
				ASSETCATALOG_COMPILER_APPICON_NAME = AppIcon;
				ASSETCATALOG_COMPILER_GLOBAL_ACCENT_COLOR_NAME = AccentColor;
				CODE_SIGN_IDENTITY = "Apple Development";
				CODE_SIGN_STYLE = Automatic;
				DEVELOPMENT_TEAM = 5RTAWRP7KM;
				INFOPLIST_FILE = NasaTestApp/Info.plist;
				LD_RUNPATH_SEARCH_PATHS = (
					"$(inherited)",
					"@executable_path/Frameworks",
				);
				PRODUCT_BUNDLE_IDENTIFIER = sachuk.com.NasaTestApp;
				PRODUCT_NAME = "$(TARGET_NAME)";
				PROVISIONING_PROFILE_SPECIFIER = "";
				SWIFT_VERSION = 5.0;
				TARGETED_DEVICE_FAMILY = "1,2";
			};
			name = Release;
		};
		F6FCC80926AD4F940064E87C /* Debug */ = {
			isa = XCBuildConfiguration;
			buildSettings = {
				ALWAYS_EMBED_SWIFT_STANDARD_LIBRARIES = YES;
				BUNDLE_LOADER = "$(TEST_HOST)";
				CODE_SIGN_STYLE = Automatic;
				DEVELOPMENT_TEAM = AH2JU84BM2;
				INFOPLIST_FILE = NasaTestAppTests/Info.plist;
				IPHONEOS_DEPLOYMENT_TARGET = 14.5;
				LD_RUNPATH_SEARCH_PATHS = (
					"$(inherited)",
					"@executable_path/Frameworks",
					"@loader_path/Frameworks",
				);
				PRODUCT_BUNDLE_IDENTIFIER = sachuk.com.NasaTestAppTests;
				PRODUCT_NAME = "$(TARGET_NAME)";
				SWIFT_VERSION = 5.0;
				TARGETED_DEVICE_FAMILY = "1,2";
				TEST_HOST = "$(BUILT_PRODUCTS_DIR)/NasaTestApp.app/NasaTestApp";
			};
			name = Debug;
		};
		F6FCC80A26AD4F940064E87C /* Release */ = {
			isa = XCBuildConfiguration;
			buildSettings = {
				ALWAYS_EMBED_SWIFT_STANDARD_LIBRARIES = YES;
				BUNDLE_LOADER = "$(TEST_HOST)";
				CODE_SIGN_STYLE = Automatic;
				DEVELOPMENT_TEAM = AH2JU84BM2;
				INFOPLIST_FILE = NasaTestAppTests/Info.plist;
				IPHONEOS_DEPLOYMENT_TARGET = 14.5;
				LD_RUNPATH_SEARCH_PATHS = (
					"$(inherited)",
					"@executable_path/Frameworks",
					"@loader_path/Frameworks",
				);
				PRODUCT_BUNDLE_IDENTIFIER = sachuk.com.NasaTestAppTests;
				PRODUCT_NAME = "$(TARGET_NAME)";
				SWIFT_VERSION = 5.0;
				TARGETED_DEVICE_FAMILY = "1,2";
				TEST_HOST = "$(BUILT_PRODUCTS_DIR)/NasaTestApp.app/NasaTestApp";
			};
			name = Release;
		};
		F6FCC80C26AD4F940064E87C /* Debug */ = {
			isa = XCBuildConfiguration;
			buildSettings = {
				ALWAYS_EMBED_SWIFT_STANDARD_LIBRARIES = YES;
				CODE_SIGN_STYLE = Automatic;
				DEVELOPMENT_TEAM = AH2JU84BM2;
				INFOPLIST_FILE = NasaTestAppUITests/Info.plist;
				LD_RUNPATH_SEARCH_PATHS = (
					"$(inherited)",
					"@executable_path/Frameworks",
					"@loader_path/Frameworks",
				);
				PRODUCT_BUNDLE_IDENTIFIER = sachuk.com.NasaTestAppUITests;
				PRODUCT_NAME = "$(TARGET_NAME)";
				SWIFT_VERSION = 5.0;
				TARGETED_DEVICE_FAMILY = "1,2";
				TEST_TARGET_NAME = NasaTestApp;
			};
			name = Debug;
		};
		F6FCC80D26AD4F940064E87C /* Release */ = {
			isa = XCBuildConfiguration;
			buildSettings = {
				ALWAYS_EMBED_SWIFT_STANDARD_LIBRARIES = YES;
				CODE_SIGN_STYLE = Automatic;
				DEVELOPMENT_TEAM = AH2JU84BM2;
				INFOPLIST_FILE = NasaTestAppUITests/Info.plist;
				LD_RUNPATH_SEARCH_PATHS = (
					"$(inherited)",
					"@executable_path/Frameworks",
					"@loader_path/Frameworks",
				);
				PRODUCT_BUNDLE_IDENTIFIER = sachuk.com.NasaTestAppUITests;
				PRODUCT_NAME = "$(TARGET_NAME)";
				SWIFT_VERSION = 5.0;
				TARGETED_DEVICE_FAMILY = "1,2";
				TEST_TARGET_NAME = NasaTestApp;
			};
			name = Release;
		};
/* End XCBuildConfiguration section */

/* Begin XCConfigurationList section */
		F6FCC7D426AD4F910064E87C /* Build configuration list for PBXProject "NasaTestApp" */ = {
			isa = XCConfigurationList;
			buildConfigurations = (
				F6FCC80326AD4F940064E87C /* Debug */,
				F6FCC80426AD4F940064E87C /* Release */,
			);
			defaultConfigurationIsVisible = 0;
			defaultConfigurationName = Release;
		};
		F6FCC80526AD4F940064E87C /* Build configuration list for PBXNativeTarget "NasaTestApp" */ = {
			isa = XCConfigurationList;
			buildConfigurations = (
				F6FCC80626AD4F940064E87C /* Debug */,
				F6FCC80726AD4F940064E87C /* Release */,
			);
			defaultConfigurationIsVisible = 0;
			defaultConfigurationName = Release;
		};
		F6FCC80826AD4F940064E87C /* Build configuration list for PBXNativeTarget "NasaTestAppTests" */ = {
			isa = XCConfigurationList;
			buildConfigurations = (
				F6FCC80926AD4F940064E87C /* Debug */,
				F6FCC80A26AD4F940064E87C /* Release */,
			);
			defaultConfigurationIsVisible = 0;
			defaultConfigurationName = Release;
		};
		F6FCC80B26AD4F940064E87C /* Build configuration list for PBXNativeTarget "NasaTestAppUITests" */ = {
			isa = XCConfigurationList;
			buildConfigurations = (
				F6FCC80C26AD4F940064E87C /* Debug */,
				F6FCC80D26AD4F940064E87C /* Release */,
			);
			defaultConfigurationIsVisible = 0;
			defaultConfigurationName = Release;
		};
/* End XCConfigurationList section */
	};
	rootObject = F6FCC7D126AD4F910064E87C /* Project object */;
}
